{
  "name": "node_2",
  "version": "1.0.0",
  "lockfileVersion": 3,
  "requires": true,
  "packages": {
    "": {
      "name": "node_2",
      "version": "1.0.0",
      "license": "ISC",
      "dependencies": {
        "@ivanverushkin/node": "^1.0.0"
      }
    },
    "node_modules/@ivanverushkin/node": {
      "version": "1.0.0",
      "resolved": "https://npm.pkg.github.com/download/@ivanverushkin/node/1.0.0/c42a936ff328219261211740ffdab1ccee168133",
      "integrity": "sha512-7gZFauCOBustrmfb3sW6tV0CQghREke6CTiVtVfoBLVgoRW0dCvCp0M4dDFkUJo27Wi26dKsZ/vtUDkJ6Pk2xg==",
      "license": "ISC"
    }
  }
}
